
Microsoft Visual Studio Solution File, Format Version 12.00
# Visual Studio 2012
Project("{8BC9CEB8-8B4A-11D0-8D11-00A0C91BC942}") = "nationsrunda", "nationsrunda\nationsrunda.vcxproj", "{3FF30514-62ED-499C-8491-04D2C18D1478}"
EndProject
Global
	GlobalSection(SolutionConfigurationPlatforms) = preSolution
		Debug|Win32 = Debug|Win32
		Release|Win32 = Release|Win32
	EndGlobalSection
	GlobalSection(ProjectConfigurationPlatforms) = postSolution
		{3FF30514-62ED-499C-8491-04D2C18D1478}.Debug|Win32.ActiveCfg = Debug|Win32
		{3FF30514-62ED-499C-8491-04D2C18D1478}.Debug|Win32.Build.0 = Debug|Win32
		{3FF30514-62ED-499C-8491-04D2C18D1478}.Release|Win32.ActiveCfg = Release|Win32
		{3FF30514-62ED-499C-8491-04D2C18D1478}.Release|Win32.Build.0 = Release|Win32
	EndGlobalSection
	GlobalSection(SolutionProperties) = preSolution
		HideSolutionNode = FALSE
	EndGlobalSection
EndGlobal
